# This is a Gradle generated file for dependency locking.
# Manual edits can break the build and are not advised.
# This file is expected to be part of source control.
ch.qos.logback:logback-classic:1.5.15=compileClasspath,implementationDependenciesMetadata,runtimeClasspath,testCompileClasspath,testImplementationDependenciesMetadata,testRuntimeClasspath
ch.qos.logback:logback-core:1.5.15=compileClasspath,implementationDependenciesMetadata,runtimeClasspath,testCompileClasspath,testImplementationDependenciesMetadata,testRuntimeClasspath
com.alibaba.fastjson2:fastjson2-kotlin:2.0.53=graphqlGraalVM,graphqlSDL
com.alibaba.fastjson2:fastjson2:2.0.53=graphqlGraalVM,graphqlSDL
com.apollographql.federation:federation-graphql-java-support:5.1.0=graphqlGraalVM,graphqlSDL
com.expediagroup:graphql-kotlin-automatic-persisted-queries:8.2.1=graphqlGraalVM,graphqlSDL
com.expediagroup:graphql-kotlin-client-generator:8.2.1=graphqlClient
com.expediagroup:graphql-kotlin-client-serialization:8.2.1=compileClasspath,implementationDependenciesMetadata,runtimeClasspath,testCompileClasspath,testImplementationDependenciesMetadata,testRuntimeClasspath
com.expediagroup:graphql-kotlin-client:8.2.1=compileClasspath,graphqlClient,implementationDependenciesMetadata,runtimeClasspath,testCompileClasspath,testImplementationDependenciesMetadata,testRuntimeClasspath
com.expediagroup:graphql-kotlin-dataloader-instrumentation:8.2.1=graphqlGraalVM,graphqlSDL
com.expediagroup:graphql-kotlin-dataloader:8.2.1=graphqlGraalVM,graphqlSDL
com.expediagroup:graphql-kotlin-federation:8.2.1=graphqlGraalVM,graphqlSDL
com.expediagroup:graphql-kotlin-graalvm-metadata-generator:8.2.1=graphqlGraalVM
com.expediagroup:graphql-kotlin-hooks-provider:8.2.1=graphqlGraalVM,graphqlSDL
com.expediagroup:graphql-kotlin-ktor-client:8.2.1=compileClasspath,implementationDependenciesMetadata,runtimeClasspath,testCompileClasspath,testImplementationDependenciesMetadata,testRuntimeClasspath
com.expediagroup:graphql-kotlin-schema-generator:8.2.1=graphqlGraalVM,graphqlSDL
com.expediagroup:graphql-kotlin-sdl-generator:8.2.1=graphqlSDL
com.expediagroup:graphql-kotlin-server:8.2.1=graphqlGraalVM,graphqlSDL
com.fasterxml.jackson.core:jackson-annotations:2.17.1=graphqlClient,graphqlGraalVM,graphqlSDL
com.fasterxml.jackson.core:jackson-annotations:2.18.2=compileClasspath,implementationDependenciesMetadata,runtimeClasspath,testCompileClasspath,testImplementationDependenciesMetadata,testRuntimeClasspath
com.fasterxml.jackson.core:jackson-core:2.17.1=graphqlClient,graphqlGraalVM,graphqlSDL
com.fasterxml.jackson.core:jackson-core:2.18.2=compileClasspath,implementationDependenciesMetadata,runtimeClasspath,testCompileClasspath,testImplementationDependenciesMetadata,testRuntimeClasspath
com.fasterxml.jackson.core:jackson-databind:2.17.1=graphqlClient,graphqlGraalVM,graphqlSDL
com.fasterxml.jackson.core:jackson-databind:2.18.2=compileClasspath,implementationDependenciesMetadata,runtimeClasspath,testCompileClasspath,testImplementationDependenciesMetadata,testRuntimeClasspath
com.fasterxml.jackson.datatype:jackson-datatype-jsr310:2.18.2=compileClasspath,implementationDependenciesMetadata,runtimeClasspath,testCompileClasspath,testImplementationDependenciesMetadata,testRuntimeClasspath
com.fasterxml.jackson.module:jackson-module-kotlin:2.17.1=graphqlClient,graphqlGraalVM,graphqlSDL
com.fasterxml.jackson:jackson-bom:2.17.1=graphqlClient,graphqlGraalVM,graphqlSDL
com.fasterxml.jackson:jackson-bom:2.18.2=compileClasspath,implementationDependenciesMetadata,runtimeClasspath,testCompileClasspath,testImplementationDependenciesMetadata,testRuntimeClasspath
com.google.android:annotations:4.1.1.4=runtimeClasspath,testRuntimeClasspath
com.google.api-client:google-api-client:2.7.1=compileClasspath,implementationDependenciesMetadata,runtimeClasspath,testCompileClasspath,testImplementationDependenciesMetadata,testRuntimeClasspath
com.google.api.grpc:grpc-google-cloud-bigquerystorage-v1:3.11.0=compileClasspath,implementationDependenciesMetadata,runtimeClasspath,testCompileClasspath,testImplementationDependenciesMetadata,testRuntimeClasspath
com.google.api.grpc:grpc-google-cloud-bigquerystorage-v1beta1:0.183.0=compileClasspath,implementationDependenciesMetadata,runtimeClasspath,testCompileClasspath,testImplementationDependenciesMetadata,testRuntimeClasspath
com.google.api.grpc:grpc-google-cloud-bigquerystorage-v1beta2:0.183.0=compileClasspath,implementationDependenciesMetadata,runtimeClasspath,testCompileClasspath,testImplementationDependenciesMetadata,testRuntimeClasspath
com.google.api.grpc:proto-google-cloud-bigquerystorage-v1:3.11.0=compileClasspath,implementationDependenciesMetadata,runtimeClasspath,testCompileClasspath,testImplementationDependenciesMetadata,testRuntimeClasspath
com.google.api.grpc:proto-google-cloud-bigquerystorage-v1alpha:3.11.0=compileClasspath,implementationDependenciesMetadata,runtimeClasspath,testCompileClasspath,testImplementationDependenciesMetadata,testRuntimeClasspath
com.google.api.grpc:proto-google-cloud-bigquerystorage-v1beta1:0.183.0=compileClasspath,implementationDependenciesMetadata,runtimeClasspath,testCompileClasspath,testImplementationDependenciesMetadata,testRuntimeClasspath
com.google.api.grpc:proto-google-cloud-bigquerystorage-v1beta2:0.183.0=compileClasspath,implementationDependenciesMetadata,runtimeClasspath,testCompileClasspath,testImplementationDependenciesMetadata,testRuntimeClasspath
com.google.api.grpc:proto-google-common-protos:2.50.0=compileClasspath,implementationDependenciesMetadata,runtimeClasspath,testCompileClasspath,testImplementationDependenciesMetadata,testRuntimeClasspath
com.google.api.grpc:proto-google-iam-v1:1.45.0=compileClasspath,implementationDependenciesMetadata,runtimeClasspath,testCompileClasspath,testImplementationDependenciesMetadata,testRuntimeClasspath
com.google.api:api-common:2.42.0=compileClasspath,implementationDependenciesMetadata,runtimeClasspath,testCompileClasspath,testImplementationDependenciesMetadata,testRuntimeClasspath
com.google.api:gax-grpc:2.59.0=compileClasspath,implementationDependenciesMetadata,runtimeClasspath,testCompileClasspath,testImplementationDependenciesMetadata,testRuntimeClasspath
com.google.api:gax-httpjson:2.59.0=compileClasspath,implementationDependenciesMetadata,runtimeClasspath,testCompileClasspath,testImplementationDependenciesMetadata,testRuntimeClasspath
com.google.api:gax:2.59.0=compileClasspath,implementationDependenciesMetadata,runtimeClasspath,testCompileClasspath,testImplementationDependenciesMetadata,testRuntimeClasspath
com.google.apis:google-api-services-bigquery:v2-rev20241115-2.0.0=compileClasspath,implementationDependenciesMetadata,runtimeClasspath,testCompileClasspath,testImplementationDependenciesMetadata,testRuntimeClasspath
com.google.auth:google-auth-library-credentials:1.30.1=compileClasspath,implementationDependenciesMetadata,runtimeClasspath,testCompileClasspath,testImplementationDependenciesMetadata,testRuntimeClasspath
com.google.auth:google-auth-library-oauth2-http:1.30.1=compileClasspath,implementationDependenciesMetadata,runtimeClasspath,testCompileClasspath,testImplementationDependenciesMetadata,testRuntimeClasspath
com.google.auto.value:auto-value:1.11.0=compileClasspath,implementationDependenciesMetadata,runtimeClasspath,testCompileClasspath,testImplementationDependenciesMetadata,testRuntimeClasspath
com.google.cloud:google-cloud-bigquery:2.45.0=compileClasspath,implementationDependenciesMetadata,runtimeClasspath,testCompileClasspath,testImplementationDependenciesMetadata,testRuntimeClasspath
com.google.cloud:google-cloud-bigquerystorage:3.11.0=compileClasspath,implementationDependenciesMetadata,runtimeClasspath,testCompileClasspath,testImplementationDependenciesMetadata,testRuntimeClasspath
com.google.cloud:google-cloud-core-http:2.49.0=compileClasspath,implementationDependenciesMetadata,runtimeClasspath,testCompileClasspath,testImplementationDependenciesMetadata,testRuntimeClasspath
com.google.cloud:google-cloud-core:2.49.0=compileClasspath,implementationDependenciesMetadata,runtimeClasspath,testCompileClasspath,testImplementationDependenciesMetadata,testRuntimeClasspath
com.google.code.findbugs:jsr305:3.0.2=compileClasspath,implementationDependenciesMetadata,runtimeClasspath,testCompileClasspath,testImplementationDependenciesMetadata,testRuntimeClasspath
com.google.code.gson:gson:2.11.0=compileClasspath,implementationDependenciesMetadata,runtimeClasspath,testCompileClasspath,testImplementationDependenciesMetadata,testRuntimeClasspath
com.google.errorprone:error_prone_annotations:2.36.0=compileClasspath,implementationDependenciesMetadata,runtimeClasspath,testCompileClasspath,testImplementationDependenciesMetadata,testRuntimeClasspath
com.google.flatbuffers:flatbuffers-java:23.5.26=compileClasspath,implementationDependenciesMetadata,runtimeClasspath,testCompileClasspath,testImplementationDependenciesMetadata,testRuntimeClasspath
com.google.guava:failureaccess:1.0.2=compileClasspath,implementationDependenciesMetadata,runtimeClasspath,testCompileClasspath,testImplementationDependenciesMetadata,testRuntimeClasspath
com.google.guava:guava:33.3.1-jre=compileClasspath,implementationDependenciesMetadata,runtimeClasspath,testCompileClasspath,testImplementationDependenciesMetadata,testRuntimeClasspath
com.google.guava:listenablefuture:9999.0-empty-to-avoid-conflict-with-guava=compileClasspath,implementationDependenciesMetadata,runtimeClasspath,testCompileClasspath,testImplementationDependenciesMetadata,testRuntimeClasspath
com.google.http-client:google-http-client-apache-v2:1.45.3=compileClasspath,implementationDependenciesMetadata,runtimeClasspath,testCompileClasspath,testImplementationDependenciesMetadata,testRuntimeClasspath
com.google.http-client:google-http-client-appengine:1.45.3=compileClasspath,implementationDependenciesMetadata,runtimeClasspath,testCompileClasspath,testImplementationDependenciesMetadata,testRuntimeClasspath
com.google.http-client:google-http-client-gson:1.45.3=compileClasspath,implementationDependenciesMetadata,runtimeClasspath,testCompileClasspath,testImplementationDependenciesMetadata,testRuntimeClasspath
com.google.http-client:google-http-client:1.45.3=compileClasspath,implementationDependenciesMetadata,runtimeClasspath,testCompileClasspath,testImplementationDependenciesMetadata,testRuntimeClasspath
com.google.j2objc:j2objc-annotations:3.0.0=compileClasspath,implementationDependenciesMetadata,runtimeClasspath,testCompileClasspath,testImplementationDependenciesMetadata,testRuntimeClasspath
com.google.oauth-client:google-oauth-client:1.36.0=compileClasspath,implementationDependenciesMetadata,runtimeClasspath,testCompileClasspath,testImplementationDependenciesMetadata,testRuntimeClasspath
com.google.protobuf:protobuf-java-util:3.25.5=compileClasspath,implementationDependenciesMetadata,runtimeClasspath,testCompileClasspath,testImplementationDependenciesMetadata,testRuntimeClasspath
com.google.protobuf:protobuf-java:3.25.5=compileClasspath,implementationDependenciesMetadata,runtimeClasspath,testCompileClasspath,testImplementationDependenciesMetadata,testRuntimeClasspath
com.google.protobuf:protobuf-java:4.27.1=graphqlGraalVM,graphqlSDL
com.graphql-java:graphql-java:22.1=graphqlClient,graphqlGraalVM,graphqlSDL
com.graphql-java:java-dataloader:3.3.0=graphqlGraalVM,graphqlSDL
com.squareup:kotlinpoet-jvm:1.17.0=graphqlClient
com.squareup:kotlinpoet:1.17.0=graphqlClient
commons-codec:commons-codec:1.16.0=graphqlClient
commons-codec:commons-codec:1.17.1=compileClasspath,implementationDependenciesMetadata,runtimeClasspath,testCompileClasspath,testImplementationDependenciesMetadata,testRuntimeClasspath
commons-logging:commons-logging:1.2=graphqlClient
io.github.classgraph:classgraph:4.8.174=graphqlGraalVM,graphqlSDL
io.grpc:grpc-alts:1.69.0=compileClasspath,implementationDependenciesMetadata,runtimeClasspath,testCompileClasspath,testImplementationDependenciesMetadata,testRuntimeClasspath
io.grpc:grpc-api:1.69.0=compileClasspath,implementationDependenciesMetadata,runtimeClasspath,testCompileClasspath,testImplementationDependenciesMetadata,testRuntimeClasspath
io.grpc:grpc-auth:1.69.0=compileClasspath,implementationDependenciesMetadata,runtimeClasspath,testCompileClasspath,testImplementationDependenciesMetadata,testRuntimeClasspath
io.grpc:grpc-context:1.69.0=compileClasspath,implementationDependenciesMetadata,runtimeClasspath,testCompileClasspath,testImplementationDependenciesMetadata,testRuntimeClasspath
io.grpc:grpc-core:1.69.0=compileClasspath,implementationDependenciesMetadata,runtimeClasspath,testCompileClasspath,testImplementationDependenciesMetadata,testRuntimeClasspath
io.grpc:grpc-googleapis:1.69.0=runtimeClasspath,testRuntimeClasspath
io.grpc:grpc-grpclb:1.69.0=compileClasspath,implementationDependenciesMetadata,runtimeClasspath,testCompileClasspath,testImplementationDependenciesMetadata,testRuntimeClasspath
io.grpc:grpc-inprocess:1.69.0=compileClasspath,implementationDependenciesMetadata,runtimeClasspath,testCompileClasspath,testImplementationDependenciesMetadata,testRuntimeClasspath
io.grpc:grpc-netty-shaded:1.69.0=compileClasspath,implementationDependenciesMetadata,runtimeClasspath,testCompileClasspath,testImplementationDependenciesMetadata,testRuntimeClasspath
io.grpc:grpc-protobuf-lite:1.69.0=runtimeClasspath,testRuntimeClasspath
io.grpc:grpc-protobuf:1.69.0=compileClasspath,implementationDependenciesMetadata,runtimeClasspath,testCompileClasspath,testImplementationDependenciesMetadata,testRuntimeClasspath
io.grpc:grpc-stub:1.69.0=compileClasspath,implementationDependenciesMetadata,runtimeClasspath,testCompileClasspath,testImplementationDependenciesMetadata,testRuntimeClasspath
io.grpc:grpc-util:1.69.0=compileClasspath,implementationDependenciesMetadata,runtimeClasspath,testCompileClasspath,testImplementationDependenciesMetadata,testRuntimeClasspath
io.ktor:ktor-client-apache-jvm:2.3.12=graphqlClient
io.ktor:ktor-client-apache:2.3.12=graphqlClient
io.ktor:ktor-client-cio-jvm:3.0.3=compileClasspath,implementationDependenciesMetadata,runtimeClasspath,testCompileClasspath,testImplementationDependenciesMetadata,testRuntimeClasspath
io.ktor:ktor-client-cio:2.3.12=compileClasspath,implementationDependenciesMetadata,runtimeClasspath,testCompileClasspath,testImplementationDependenciesMetadata,testRuntimeClasspath
io.ktor:ktor-client-content-negotiation-jvm:2.3.12=graphqlClient
io.ktor:ktor-client-content-negotiation-jvm:3.0.3=compileClasspath,runtimeClasspath,testCompileClasspath,testRuntimeClasspath
io.ktor:ktor-client-content-negotiation:2.3.12=graphqlClient
io.ktor:ktor-client-content-negotiation:3.0.3=compileClasspath,implementationDependenciesMetadata,runtimeClasspath,testCompileClasspath,testImplementationDependenciesMetadata,testRuntimeClasspath
io.ktor:ktor-client-core-jvm:2.3.12=graphqlClient
io.ktor:ktor-client-core-jvm:3.0.3=compileClasspath,runtimeClasspath,testCompileClasspath,testRuntimeClasspath
io.ktor:ktor-client-core:2.3.12=graphqlClient
io.ktor:ktor-client-core:3.0.3=compileClasspath,implementationDependenciesMetadata,runtimeClasspath,testCompileClasspath,testImplementationDependenciesMetadata,testRuntimeClasspath
io.ktor:ktor-client-json-jvm:2.3.12=compileClasspath,runtimeClasspath,testCompileClasspath,testRuntimeClasspath
io.ktor:ktor-client-json:2.3.12=compileClasspath,implementationDependenciesMetadata,runtimeClasspath,testCompileClasspath,testImplementationDependenciesMetadata,testRuntimeClasspath
io.ktor:ktor-client-mock-jvm:3.0.3=testCompileClasspath,testRuntimeClasspath
io.ktor:ktor-client-mock:3.0.3=testCompileClasspath,testImplementationDependenciesMetadata,testRuntimeClasspath
io.ktor:ktor-client-serialization-jvm:2.3.12=compileClasspath,runtimeClasspath,testCompileClasspath,testRuntimeClasspath
io.ktor:ktor-client-serialization:2.3.12=compileClasspath,implementationDependenciesMetadata,runtimeClasspath,testCompileClasspath,testImplementationDependenciesMetadata,testRuntimeClasspath
io.ktor:ktor-events-jvm:2.3.12=graphqlClient
io.ktor:ktor-events-jvm:3.0.3=compileClasspath,runtimeClasspath,testCompileClasspath,testRuntimeClasspath
io.ktor:ktor-events:2.3.12=graphqlClient
io.ktor:ktor-events:3.0.3=compileClasspath,implementationDependenciesMetadata,runtimeClasspath,testCompileClasspath,testImplementationDependenciesMetadata,testRuntimeClasspath
io.ktor:ktor-http-cio-jvm:3.0.3=compileClasspath,runtimeClasspath,testCompileClasspath,testRuntimeClasspath
io.ktor:ktor-http-cio:3.0.3=compileClasspath,implementationDependenciesMetadata,runtimeClasspath,testCompileClasspath,testImplementationDependenciesMetadata,testRuntimeClasspath
io.ktor:ktor-http-jvm:2.3.12=graphqlClient
io.ktor:ktor-http-jvm:3.0.3=compileClasspath,runtimeClasspath,testCompileClasspath,testRuntimeClasspath
io.ktor:ktor-http:2.3.12=graphqlClient
io.ktor:ktor-http:3.0.3=compileClasspath,implementationDependenciesMetadata,runtimeClasspath,testCompileClasspath,testImplementationDependenciesMetadata,testRuntimeClasspath
io.ktor:ktor-io-jvm:2.3.12=graphqlClient
io.ktor:ktor-io-jvm:3.0.3=compileClasspath,runtimeClasspath,testCompileClasspath,testRuntimeClasspath
io.ktor:ktor-io:2.3.12=graphqlClient
io.ktor:ktor-io:3.0.3=compileClasspath,implementationDependenciesMetadata,runtimeClasspath,testCompileClasspath,testImplementationDependenciesMetadata,testRuntimeClasspath
io.ktor:ktor-network-jvm:3.0.3=compileClasspath,runtimeClasspath,testCompileClasspath,testRuntimeClasspath
io.ktor:ktor-network-tls-jvm:3.0.3=compileClasspath,runtimeClasspath,testCompileClasspath,testRuntimeClasspath
io.ktor:ktor-network-tls:3.0.3=compileClasspath,implementationDependenciesMetadata,runtimeClasspath,testCompileClasspath,testImplementationDependenciesMetadata,testRuntimeClasspath
io.ktor:ktor-network:3.0.3=compileClasspath,implementationDependenciesMetadata,runtimeClasspath,testCompileClasspath,testImplementationDependenciesMetadata,testRuntimeClasspath
io.ktor:ktor-serialization-jackson-jvm:2.3.12=graphqlClient
io.ktor:ktor-serialization-jackson:2.3.12=graphqlClient
io.ktor:ktor-serialization-jvm:2.3.12=graphqlClient
io.ktor:ktor-serialization-jvm:3.0.3=compileClasspath,runtimeClasspath,testCompileClasspath,testRuntimeClasspath
io.ktor:ktor-serialization-kotlinx-json-jvm:3.0.3=compileClasspath,runtimeClasspath,testCompileClasspath,testRuntimeClasspath
io.ktor:ktor-serialization-kotlinx-json:3.0.3=compileClasspath,implementationDependenciesMetadata,runtimeClasspath,testCompileClasspath,testImplementationDependenciesMetadata,testRuntimeClasspath
io.ktor:ktor-serialization-kotlinx-jvm:3.0.3=compileClasspath,runtimeClasspath,testCompileClasspath,testRuntimeClasspath
io.ktor:ktor-serialization-kotlinx:3.0.3=compileClasspath,implementationDependenciesMetadata,runtimeClasspath,testCompileClasspath,testImplementationDependenciesMetadata,testRuntimeClasspath
io.ktor:ktor-serialization:2.3.12=graphqlClient
io.ktor:ktor-serialization:3.0.3=compileClasspath,implementationDependenciesMetadata,runtimeClasspath,testCompileClasspath,testImplementationDependenciesMetadata,testRuntimeClasspath
io.ktor:ktor-sse-jvm:3.0.3=compileClasspath,runtimeClasspath,testCompileClasspath,testRuntimeClasspath
io.ktor:ktor-sse:3.0.3=compileClasspath,implementationDependenciesMetadata,runtimeClasspath,testCompileClasspath,testImplementationDependenciesMetadata,testRuntimeClasspath
io.ktor:ktor-utils-jvm:2.3.12=graphqlClient
io.ktor:ktor-utils-jvm:3.0.3=compileClasspath,runtimeClasspath,testCompileClasspath,testRuntimeClasspath
io.ktor:ktor-utils:2.3.12=graphqlClient
io.ktor:ktor-utils:3.0.3=compileClasspath,implementationDependenciesMetadata,runtimeClasspath,testCompileClasspath,testImplementationDependenciesMetadata,testRuntimeClasspath
io.ktor:ktor-websocket-serialization-jvm:2.3.12=graphqlClient
io.ktor:ktor-websocket-serialization-jvm:3.0.3=compileClasspath,runtimeClasspath,testCompileClasspath,testRuntimeClasspath
io.ktor:ktor-websocket-serialization:2.3.12=graphqlClient
io.ktor:ktor-websocket-serialization:3.0.3=compileClasspath,implementationDependenciesMetadata,runtimeClasspath,testCompileClasspath,testImplementationDependenciesMetadata,testRuntimeClasspath
io.ktor:ktor-websockets-jvm:2.3.12=graphqlClient
io.ktor:ktor-websockets-jvm:3.0.3=compileClasspath,runtimeClasspath,testCompileClasspath,testRuntimeClasspath
io.ktor:ktor-websockets:2.3.12=graphqlClient
io.ktor:ktor-websockets:3.0.3=compileClasspath,implementationDependenciesMetadata,runtimeClasspath,testCompileClasspath,testImplementationDependenciesMetadata,testRuntimeClasspath
io.netty:netty-buffer:4.1.104.Final=runtimeClasspath,testRuntimeClasspath
io.netty:netty-common:4.1.104.Final=runtimeClasspath,testRuntimeClasspath
io.opencensus:opencensus-api:0.31.1=compileClasspath,implementationDependenciesMetadata,runtimeClasspath,testCompileClasspath,testImplementationDependenciesMetadata,testRuntimeClasspath
io.opencensus:opencensus-contrib-http-util:0.31.1=compileClasspath,implementationDependenciesMetadata,runtimeClasspath,testCompileClasspath,testImplementationDependenciesMetadata,testRuntimeClasspath
io.opentelemetry:opentelemetry-api:1.45.0=compileClasspath,implementationDependenciesMetadata,runtimeClasspath,testCompileClasspath,testImplementationDependenciesMetadata,testRuntimeClasspath
io.opentelemetry:opentelemetry-context:1.45.0=compileClasspath,implementationDependenciesMetadata,runtimeClasspath,testCompileClasspath,testImplementationDependenciesMetadata,testRuntimeClasspath
io.perfmark:perfmark-api:0.27.0=runtimeClasspath,testRuntimeClasspath
javax.annotation:javax.annotation-api:1.3.2=compileClasspath,implementationDependenciesMetadata,runtimeClasspath,testCompileClasspath,testImplementationDependenciesMetadata,testRuntimeClasspath
net.logstash.logback:logstash-logback-encoder:8.0=compileClasspath,implementationDependenciesMetadata,runtimeClasspath,testCompileClasspath,testImplementationDependenciesMetadata,testRuntimeClasspath
org.apache.arrow:arrow-format:15.0.2=compileClasspath,implementationDependenciesMetadata,runtimeClasspath,testCompileClasspath,testImplementationDependenciesMetadata,testRuntimeClasspath
org.apache.arrow:arrow-memory-core:15.0.2=compileClasspath,implementationDependenciesMetadata,runtimeClasspath,testCompileClasspath,testImplementationDependenciesMetadata,testRuntimeClasspath
org.apache.arrow:arrow-memory-netty:15.0.2=runtimeClasspath,testRuntimeClasspath
org.apache.arrow:arrow-vector:15.0.2=compileClasspath,implementationDependenciesMetadata,runtimeClasspath,testCompileClasspath,testImplementationDependenciesMetadata,testRuntimeClasspath
org.apache.httpcomponents:httpasyncclient:4.1.5=graphqlClient
org.apache.httpcomponents:httpclient:4.5.13=graphqlClient
org.apache.httpcomponents:httpclient:4.5.14=compileClasspath,implementationDependenciesMetadata,runtimeClasspath,testCompileClasspath,testImplementationDependenciesMetadata,testRuntimeClasspath
org.apache.httpcomponents:httpcore-nio:4.4.15=graphqlClient
org.apache.httpcomponents:httpcore:4.4.15=graphqlClient
org.apache.httpcomponents:httpcore:4.4.16=compileClasspath,implementationDependenciesMetadata,runtimeClasspath,testCompileClasspath,testImplementationDependenciesMetadata,testRuntimeClasspath
org.apiguardian:apiguardian-api:1.1.2=testCompileClasspath,testImplementationDependenciesMetadata
org.checkerframework:checker-compat-qual:2.5.6=compileClasspath,implementationDependenciesMetadata,runtimeClasspath,testCompileClasspath,testImplementationDependenciesMetadata,testRuntimeClasspath
org.checkerframework:checker-qual:3.48.3=compileClasspath,implementationDependenciesMetadata,runtimeClasspath,testCompileClasspath,testImplementationDependenciesMetadata,testRuntimeClasspath
org.codehaus.mojo:animal-sniffer-annotations:1.24=runtimeClasspath,testRuntimeClasspath
org.conscrypt:conscrypt-openjdk-uber:2.5.2=compileClasspath,implementationDependenciesMetadata,runtimeClasspath,testCompileClasspath,testImplementationDependenciesMetadata,testRuntimeClasspath
org.eclipse.collections:eclipse-collections-api:11.1.0=compileClasspath,implementationDependenciesMetadata,runtimeClasspath,testCompileClasspath,testImplementationDependenciesMetadata,testRuntimeClasspath
org.eclipse.collections:eclipse-collections:11.1.0=compileClasspath,implementationDependenciesMetadata,runtimeClasspath,testCompileClasspath,testImplementationDependenciesMetadata,testRuntimeClasspath
org.jetbrains.intellij.deps:trove4j:1.0.20200330=kotlinBuildToolsApiClasspath,kotlinCompilerClasspath,kotlinKlibCommonizerClasspath
org.jetbrains.kotlin:kotlin-build-common:2.1.0=kotlinBuildToolsApiClasspath
org.jetbrains.kotlin:kotlin-build-tools-api:2.1.0=kotlinBuildToolsApiClasspath
org.jetbrains.kotlin:kotlin-build-tools-impl:2.1.0=kotlinBuildToolsApiClasspath
org.jetbrains.kotlin:kotlin-compiler-embeddable:2.1.0=kotlinBuildToolsApiClasspath,kotlinCompilerClasspath,kotlinKlibCommonizerClasspath
org.jetbrains.kotlin:kotlin-compiler-runner:2.1.0=kotlinBuildToolsApiClasspath
org.jetbrains.kotlin:kotlin-daemon-client:2.1.0=kotlinBuildToolsApiClasspath
org.jetbrains.kotlin:kotlin-daemon-embeddable:2.1.0=kotlinBuildToolsApiClasspath,kotlinCompilerClasspath,kotlinKlibCommonizerClasspath
org.jetbrains.kotlin:kotlin-klib-commonizer-embeddable:2.1.0=kotlinKlibCommonizerClasspath
org.jetbrains.kotlin:kotlin-reflect:1.6.10=kotlinBuildToolsApiClasspath,kotlinCompilerClasspath,kotlinKlibCommonizerClasspath
org.jetbrains.kotlin:kotlin-reflect:1.9.24=graphqlClient,graphqlGraalVM,graphqlSDL,runtimeClasspath,testRuntimeClasspath
org.jetbrains.kotlin:kotlin-script-runtime:2.1.0=kotlinBuildToolsApiClasspath,kotlinCompilerClasspath,kotlinCompilerPluginClasspathMain,kotlinCompilerPluginClasspathTest,kotlinKlibCommonizerClasspath
org.jetbrains.kotlin:kotlin-scripting-common:2.1.0=kotlinBuildToolsApiClasspath,kotlinCompilerPluginClasspathMain,kotlinCompilerPluginClasspathTest
org.jetbrains.kotlin:kotlin-scripting-compiler-embeddable:2.1.0=kotlinBuildToolsApiClasspath,kotlinCompilerPluginClasspathMain,kotlinCompilerPluginClasspathTest
org.jetbrains.kotlin:kotlin-scripting-compiler-impl-embeddable:2.1.0=kotlinBuildToolsApiClasspath,kotlinCompilerPluginClasspathMain,kotlinCompilerPluginClasspathTest
org.jetbrains.kotlin:kotlin-scripting-jvm:2.1.0=kotlinBuildToolsApiClasspath,kotlinCompilerPluginClasspathMain,kotlinCompilerPluginClasspathTest
org.jetbrains.kotlin:kotlin-serialization-compiler-plugin-embeddable:2.1.0=kotlinCompilerPluginClasspathMain,kotlinCompilerPluginClasspathTest
org.jetbrains.kotlin:kotlin-stdlib-common:1.9.24=graphqlClient
org.jetbrains.kotlin:kotlin-stdlib-common:2.1.0=compileClasspath,implementationDependenciesMetadata,runtimeClasspath,testCompileClasspath,testImplementationDependenciesMetadata,testRuntimeClasspath
org.jetbrains.kotlin:kotlin-stdlib-jdk7:1.8.22=compileClasspath,graphqlClient,runtimeClasspath,testCompileClasspath,testRuntimeClasspath
org.jetbrains.kotlin:kotlin-stdlib-jdk8:1.8.22=compileClasspath,graphqlClient,runtimeClasspath,testCompileClasspath,testRuntimeClasspath
org.jetbrains.kotlin:kotlin-stdlib:1.9.24=graphqlClient,graphqlGraalVM,graphqlSDL
org.jetbrains.kotlin:kotlin-stdlib:2.1.0=compileClasspath,implementationDependenciesMetadata,kotlinBuildToolsApiClasspath,kotlinCompilerClasspath,kotlinCompilerPluginClasspathMain,kotlinCompilerPluginClasspathTest,kotlinKlibCommonizerClasspath,runtimeClasspath,testCompileClasspath,testImplementationDependenciesMetadata,testRuntimeClasspath
org.jetbrains.kotlinx:atomicfu:0.23.1=implementationDependenciesMetadata,testImplementationDependenciesMetadata
org.jetbrains.kotlinx:kotlinx-coroutines-bom:1.8.1=graphqlClient,graphqlGraalVM,graphqlSDL
org.jetbrains.kotlinx:kotlinx-coroutines-bom:1.9.0=compileClasspath,runtimeClasspath,testCompileClasspath,testRuntimeClasspath
org.jetbrains.kotlinx:kotlinx-coroutines-core-jvm:1.6.4=kotlinBuildToolsApiClasspath,kotlinCompilerClasspath,kotlinKlibCommonizerClasspath
org.jetbrains.kotlinx:kotlinx-coroutines-core-jvm:1.8.1=graphqlClient,graphqlGraalVM,graphqlSDL
org.jetbrains.kotlinx:kotlinx-coroutines-core-jvm:1.9.0=compileClasspath,runtimeClasspath,testCompileClasspath,testRuntimeClasspath
org.jetbrains.kotlinx:kotlinx-coroutines-core:1.8.1=graphqlClient,graphqlGraalVM,graphqlSDL
org.jetbrains.kotlinx:kotlinx-coroutines-core:1.9.0=compileClasspath,implementationDependenciesMetadata,runtimeClasspath,testCompileClasspath,testImplementationDependenciesMetadata,testRuntimeClasspath
org.jetbrains.kotlinx:kotlinx-coroutines-jdk8:1.8.1=graphqlClient,graphqlGraalVM,graphqlSDL
org.jetbrains.kotlinx:kotlinx-coroutines-jdk8:1.9.0=compileClasspath,runtimeClasspath,testCompileClasspath,testRuntimeClasspath
org.jetbrains.kotlinx:kotlinx-coroutines-reactive:1.8.1=graphqlGraalVM,graphqlSDL
org.jetbrains.kotlinx:kotlinx-coroutines-slf4j:1.8.1=graphqlClient
org.jetbrains.kotlinx:kotlinx-coroutines-slf4j:1.9.0=runtimeClasspath,testRuntimeClasspath
org.jetbrains.kotlinx:kotlinx-datetime-jvm:0.6.1=compileClasspath,runtimeClasspath,testCompileClasspath,testRuntimeClasspath
org.jetbrains.kotlinx:kotlinx-datetime:0.6.1=compileClasspath,implementationDependenciesMetadata,runtimeClasspath,testCompileClasspath,testImplementationDependenciesMetadata,testRuntimeClasspath
org.jetbrains.kotlinx:kotlinx-io-bytestring-jvm:0.5.4=compileClasspath,runtimeClasspath,testCompileClasspath,testRuntimeClasspath
org.jetbrains.kotlinx:kotlinx-io-bytestring:0.5.4=compileClasspath,implementationDependenciesMetadata,runtimeClasspath,testCompileClasspath,testImplementationDependenciesMetadata,testRuntimeClasspath
org.jetbrains.kotlinx:kotlinx-io-core-jvm:0.5.4=compileClasspath,runtimeClasspath,testCompileClasspath,testRuntimeClasspath
org.jetbrains.kotlinx:kotlinx-io-core:0.5.4=compileClasspath,implementationDependenciesMetadata,runtimeClasspath,testCompileClasspath,testImplementationDependenciesMetadata,testRuntimeClasspath
org.jetbrains.kotlinx:kotlinx-serialization-bom:1.6.3=graphqlClient
org.jetbrains.kotlinx:kotlinx-serialization-bom:1.7.3=compileClasspath,runtimeClasspath,testCompileClasspath,testRuntimeClasspath
org.jetbrains.kotlinx:kotlinx-serialization-core-jvm:1.6.3=graphqlClient
org.jetbrains.kotlinx:kotlinx-serialization-core-jvm:1.7.3=compileClasspath,runtimeClasspath,testCompileClasspath,testRuntimeClasspath
org.jetbrains.kotlinx:kotlinx-serialization-core:1.6.3=graphqlClient
org.jetbrains.kotlinx:kotlinx-serialization-core:1.7.3=compileClasspath,implementationDependenciesMetadata,runtimeClasspath,testCompileClasspath,testImplementationDependenciesMetadata,testRuntimeClasspath
org.jetbrains.kotlinx:kotlinx-serialization-json-io-jvm:1.7.3=compileClasspath,runtimeClasspath,testCompileClasspath,testRuntimeClasspath
org.jetbrains.kotlinx:kotlinx-serialization-json-io:1.7.3=compileClasspath,implementationDependenciesMetadata,runtimeClasspath,testCompileClasspath,testImplementationDependenciesMetadata,testRuntimeClasspath
org.jetbrains.kotlinx:kotlinx-serialization-json-jvm:1.6.3=graphqlClient
org.jetbrains.kotlinx:kotlinx-serialization-json-jvm:1.7.3=compileClasspath,runtimeClasspath,testCompileClasspath,testRuntimeClasspath
org.jetbrains.kotlinx:kotlinx-serialization-json:1.6.3=graphqlClient
org.jetbrains.kotlinx:kotlinx-serialization-json:1.7.3=compileClasspath,implementationDependenciesMetadata,runtimeClasspath,testCompileClasspath,testImplementationDependenciesMetadata,testRuntimeClasspath
org.jetbrains:annotations:13.0=kotlinBuildToolsApiClasspath,kotlinCompilerClasspath,kotlinCompilerPluginClasspathMain,kotlinCompilerPluginClasspathTest,kotlinKlibCommonizerClasspath
org.jetbrains:annotations:23.0.0=compileClasspath,graphqlClient,graphqlGraalVM,graphqlSDL,runtimeClasspath,testCompileClasspath,testRuntimeClasspath
org.json:json:20240303=compileClasspath,implementationDependenciesMetadata,runtimeClasspath,testCompileClasspath,testImplementationDependenciesMetadata,testRuntimeClasspath
org.junit.jupiter:junit-jupiter-api:5.11.4=testCompileClasspath,testImplementationDependenciesMetadata,testRuntimeClasspath
org.junit.jupiter:junit-jupiter-engine:5.11.4=testRuntimeClasspath
org.junit.jupiter:junit-jupiter-params:5.11.4=testCompileClasspath,testImplementationDependenciesMetadata,testRuntimeClasspath
org.junit.platform:junit-platform-commons:1.11.4=testCompileClasspath,testImplementationDependenciesMetadata,testRuntimeClasspath
org.junit.platform:junit-platform-engine:1.11.4=testRuntimeClasspath
org.junit:junit-bom:5.11.4=testCompileClasspath,testImplementationDependenciesMetadata,testRuntimeClasspath
org.opentest4j:opentest4j:1.3.0=testCompileClasspath,testImplementationDependenciesMetadata,testRuntimeClasspath
org.reactivestreams:reactive-streams:1.0.3=graphqlClient,graphqlGraalVM,graphqlSDL
org.slf4j:slf4j-api:2.0.13=graphqlClient,graphqlGraalVM,graphqlSDL
org.slf4j:slf4j-api:2.0.16=compileClasspath,implementationDependenciesMetadata,runtimeClasspath,testCompileClasspath,testImplementationDependenciesMetadata,testRuntimeClasspath
org.threeten:threeten-extra:1.8.0=compileClasspath,implementationDependenciesMetadata,runtimeClasspath,testCompileClasspath,testImplementationDependenciesMetadata,testRuntimeClasspath
org.threeten:threetenbp:1.7.0=compileClasspath,implementationDependenciesMetadata,runtimeClasspath,testCompileClasspath,testImplementationDependenciesMetadata,testRuntimeClasspath
empty=annotationProcessor,apiDependenciesMetadata,compileOnlyDependenciesMetadata,intransitiveDependenciesMetadata,kotlinCompilerPluginClasspath,kotlinNativeCompilerPluginClasspath,kotlinScriptDefExtensions,testAnnotationProcessor,testApiDependenciesMetadata,testCompileOnlyDependenciesMetadata,testIntransitiveDependenciesMetadata,testKotlinScriptDefExtensions
